
Microsoft Visual Studio Solution File, Format Version 12.00
# Visual Studio Version 16
VisualStudioVersion = 16.0.31112.23
MinimumVisualStudioVersion = 10.0.40219.1
Project("{FAE04EC0-301F-11D3-BF4B-00C04F79EFBC}") = "MVC_CRUD", "MVC_CRUD\MVC_CRUD.csproj", "{B31594CE-05B5-4490-A23A-B7D1DC8770B4}"
EndProject
Global
	GlobalSection(SolutionConfigurationPlatforms) = preSolution
		Debug|Any CPU = Debug|Any CPU
		Release|Any CPU = Release|Any CPU
	EndGlobalSection
	GlobalSection(ProjectConfigurationPlatforms) = postSolution
		{B31594CE-05B5-4490-A23A-B7D1DC8770B4}.Debug|Any CPU.ActiveCfg = Debug|Any CPU
		{B31594CE-05B5-4490-A23A-B7D1DC8770B4}.Debug|Any CPU.Build.0 = Debug|Any CPU
		{B31594CE-05B5-4490-A23A-B7D1DC8770B4}.Release|Any CPU.ActiveCfg = Release|Any CPU
		{B31594CE-05B5-4490-A23A-B7D1DC8770B4}.Release|Any CPU.Build.0 = Release|Any CPU
	EndGlobalSection
	GlobalSection(SolutionProperties) = preSolution
		HideSolutionNode = FALSE
	EndGlobalSection
	GlobalSection(ExtensibilityGlobals) = postSolution
		SolutionGuid = {F2A8B2F8-3C51-4AE4-B664-546B48B59949}
	EndGlobalSection
EndGlobal
